// !$*UTF8*$!
{
	archiveVersion = 1;
	classes = {
	};
	objectVersion = 50;
	objects = {

/* Begin PBXBuildFile section */
		8786A52D219A3D9E007A2D77 /* AppDelegate.swift in Sources */ = {isa = PBXBuildFile; fileRef = 8786A52C219A3D9E007A2D77 /* AppDelegate.swift */; };
		8786A52F219A3D9E007A2D77 /* ViewController.swift in Sources */ = {isa = PBXBuildFile; fileRef = 8786A52E219A3D9E007A2D77 /* ViewController.swift */; };
		8786A532219A3D9E007A2D77 /* Main.storyboard in Resources */ = {isa = PBXBuildFile; fileRef = 8786A530219A3D9E007A2D77 /* Main.storyboard */; };
		8786A534219A3DA0007A2D77 /* Assets.xcassets in Resources */ = {isa = PBXBuildFile; fileRef = 8786A533219A3DA0007A2D77 /* Assets.xcassets */; };
		8786A537219A3DA0007A2D77 /* LaunchScreen.storyboard in Resources */ = {isa = PBXBuildFile; fileRef = 8786A535219A3DA0007A2D77 /* LaunchScreen.storyboard */; };
		8786A542219A3DA0007A2D77 /* testTests.swift in Sources */ = {isa = PBXBuildFile; fileRef = 8786A541219A3DA0007A2D77 /* testTests.swift */; };
		8786A54D219A3DA0007A2D77 /* testUITests.swift in Sources */ = {isa = PBXBuildFile; fileRef = 8786A54C219A3DA0007A2D77 /* testUITests.swift */; };
/* End PBXBuildFile section */

/* Begin PBXContainerItemProxy section */
		8786A53E219A3DA0007A2D77 /* PBXContainerItemProxy */ = {
			isa = PBXContainerItemProxy;
			containerPortal = 8786A521219A3D9E007A2D77 /* Project object */;
			proxyType = 1;
			remoteGlobalIDString = 8786A528219A3D9E007A2D77;
			remoteInfo = test;
		};
		8786A549219A3DA0007A2D77 /* PBXContainerItemProxy */ = {
			isa = PBXContainerItemProxy;
			containerPortal = 8786A521219A3D9E007A2D77 /* Project object */;
			proxyType = 1;
			remoteGlobalIDString = 8786A528219A3D9E007A2D77;
			remoteInfo = test;
		};
/* End PBXContainerItemProxy section */

/* Begin PBXFileReference section */
		8786A529219A3D9E007A2D77 /* test.app */ = {isa = PBXFileReference; explicitFileType = wrapper.application; includeInIndex = 0; path = test.app; sourceTree = BUILT_PRODUCTS_DIR; };
		8786A52C219A3D9E007A2D77 /* AppDelegate.swift */ = {isa = PBXFileReference; lastKnownFileType = sourcecode.swift; path = AppDelegate.swift; sourceTree = "<group>"; };
		8786A52E219A3D9E007A2D77 /* ViewController.swift */ = {isa = PBXFileReference; lastKnownFileType = sourcecode.swift; path = ViewController.swift; sourceTree = "<group>"; };
		8786A531219A3D9E007A2D77 /* Base */ = {isa = PBXFileReference; lastKnownFileType = file.storyboard; name = Base; path = Base.lproj/Main.storyboard; sourceTree = "<group>"; };
		8786A533219A3DA0007A2D77 /* Assets.xcassets */ = {isa = PBXFileReference; lastKnownFileType = folder.assetcatalog; path = Assets.xcassets; sourceTree = "<group>"; };
		8786A536219A3DA0007A2D77 /* Base */ = {isa = PBXFileReference; lastKnownFileType = file.storyboard; name = Base; path = Base.lproj/LaunchScreen.storyboard; sourceTree = "<group>"; };
		8786A538219A3DA0007A2D77 /* Info.plist */ = {isa = PBXFileReference; lastKnownFileType = text.plist.xml; path = Info.plist; sourceTree = "<group>"; };
		8786A53D219A3DA0007A2D77 /* testTests.xctest */ = {isa = PBXFileReference; explicitFileType = wrapper.cfbundle; includeInIndex = 0; path = testTests.xctest; sourceTree = BUILT_PRODUCTS_DIR; };
		8786A541219A3DA0007A2D77 /* testTests.swift */ = {isa = PBXFileReference; lastKnownFileType = sourcecode.swift; path = testTests.swift; sourceTree = "<group>"; };
		8786A543219A3DA0007A2D77 /* Info.plist */ = {isa = PBXFileReference; lastKnownFileType = text.plist.xml; path = Info.plist; sourceTree = "<group>"; };
		8786A548219A3DA0007A2D77 /* testUITests.xctest */ = {isa = PBXFileReference; explicitFileType = wrapper.cfbundle; includeInIndex = 0; path = testUITests.xctest; sourceTree = BUILT_PRODUCTS_DIR; };
		8786A54C219A3DA0007A2D77 /* testUITests.swift */ = {isa = PBXFileReference; lastKnownFileType = sourcecode.swift; path = testUITests.swift; sourceTree = "<group>"; };
		8786A54E219A3DA0007A2D77 /* Info.plist */ = {isa = PBXFileReference; lastKnownFileType = text.plist.xml; path = Info.plist; sourceTree = "<group>"; };
/* End PBXFileReference section */

/* Begin PBXFrameworksBuildPhase section */
		8786A526219A3D9E007A2D77 /* Frameworks */ = {
			isa = PBXFrameworksBuildPhase;
			buildActionMask = 2147483647;
			files = (
			);
			runOnlyForDeploymentPostprocessing = 0;
		};
		8786A53A219A3DA0007A2D77 /* Frameworks */ = {
			isa = PBXFrameworksBuildPhase;
			buildActionMask = 2147483647;
			files = (
			);
			runOnlyForDeploymentPostprocessing = 0;
		};
		8786A545219A3DA0007A2D77 /* Frameworks */ = {
			isa = PBXFrameworksBuildPhase;
			buildActionMask = 2147483647;
			files = (
			);
			runOnlyForDeploymentPostprocessing = 0;
		};
/* End PBXFrameworksBuildPhase section */

/* Begin PBXGroup section */
		8786A520219A3D9E007A2D77 = {
			isa = PBXGroup;
			children = (
				8786A52B219A3D9E007A2D77 /* test */,
				8786A540219A3DA0007A2D77 /* testTests */,
				8786A54B219A3DA0007A2D77 /* testUITests */,
				8786A52A219A3D9E007A2D77 /* Products */,
			);
			sourceTree = "<group>";
		};
		8786A52A219A3D9E007A2D77 /* Products */ = {
			isa = PBXGroup;
			children = (
				8786A529219A3D9E007A2D77 /* test.app */,
				8786A53D219A3DA0007A2D77 /* testTests.xctest */,
				8786A548219A3DA0007A2D77 /* testUITests.xctest */,
			);
			name = Products;
			sourceTree = "<group>";
		};
		8786A52B219A3D9E007A2D77 /* test */ = {
			isa = PBXGroup;
			children = (
				8786A52C219A3D9E007A2D77 /* AppDelegate.swift */,
				8786A52E219A3D9E007A2D77 /* ViewController.swift */,
				8786A530219A3D9E007A2D77 /* Main.storyboard */,
				8786A533219A3DA0007A2D77 /* Assets.xcassets */,
				8786A535219A3DA0007A2D77 /* LaunchScreen.storyboard */,
				8786A538219A3DA0007A2D77 /* Info.plist */,
			);
			path = test;
			sourceTree = "<group>";
		};
		8786A540219A3DA0007A2D77 /* testTests */ = {
			isa = PBXGroup;
			children = (
				8786A541219A3DA0007A2D77 /* testTests.swift */,
				8786A543219A3DA0007A2D77 /* Info.plist */,
			);
			path = testTests;
			sourceTree = "<group>";
		};
		8786A54B219A3DA0007A2D77 /* testUITests */ = {
			isa = PBXGroup;
			children = (
				8786A54C219A3DA0007A2D77 /* testUITests.swift */,
				8786A54E219A3DA0007A2D77 /* Info.plist */,
			);
			path = testUITests;
			sourceTree = "<group>";
		};
/* End PBXGroup section */

/* Begin PBXNativeTarget section */
		8786A528219A3D9E007A2D77 /* test */ = {
			isa = PBXNativeTarget;
			buildConfigurationList = 8786A551219A3DA0007A2D77 /* Build configuration list for PBXNativeTarget "test" */;
			buildPhases = (
				8786A525219A3D9E007A2D77 /* Sources */,
				8786A526219A3D9E007A2D77 /* Frameworks */,
				8786A527219A3D9E007A2D77 /* Resources */,
			);
			buildRules = (
			);
			dependencies = (
			);
			name = test;
			productName = test;
			productReference = 8786A529219A3D9E007A2D77 /* test.app */;
			productType = "com.apple.product-type.application";
		};
		8786A53C219A3DA0007A2D77 /* testTests */ = {
			isa = PBXNativeTarget;
			buildConfigurationList = 8786A554219A3DA0007A2D77 /* Build configuration list for PBXNativeTarget "testTests" */;
			buildPhases = (
				8786A539219A3DA0007A2D77 /* Sources */,
				8786A53A219A3DA0007A2D77 /* Frameworks */,
				8786A53B219A3DA0007A2D77 /* Resources */,
			);
			buildRules = (
			);
			dependencies = (
				8786A53F219A3DA0007A2D77 /* PBXTargetDependency */,
			);
			name = testTests;
			productName = testTests;
			productReference = 8786A53D219A3DA0007A2D77 /* testTests.xctest */;
			productType = "com.apple.product-type.bundle.unit-test";
		};
		8786A547219A3DA0007A2D77 /* testUITests */ = {
			isa = PBXNativeTarget;
			buildConfigurationList = 8786A557219A3DA0007A2D77 /* Build configuration list for PBXNativeTarget "testUITests" */;
			buildPhases = (
				8786A544219A3DA0007A2D77 /* Sources */,
				8786A545219A3DA0007A2D77 /* Frameworks */,
				8786A546219A3DA0007A2D77 /* Resources */,
			);
			buildRules = (
			);
			dependencies = (
				8786A54A219A3DA0007A2D77 /* PBXTargetDependency */,
			);
			name = testUITests;
			productName = testUITests;
			productReference = 8786A548219A3DA0007A2D77 /* testUITests.xctest */;
			productType = "com.apple.product-type.bundle.ui-testing";
		};
/* End PBXNativeTarget section */

/* Begin PBXProject section */
		8786A521219A3D9E007A2D77 /* Project object */ = {
			isa = PBXProject;
			attributes = {
				LastSwiftUpdateCheck = 0940;
				LastUpgradeCheck = 0940;
				ORGANIZATIONNAME = Daylectro;
				TargetAttributes = {
					8786A528219A3D9E007A2D77 = {
						CreatedOnToolsVersion = 9.4.1;
					};
					8786A53C219A3DA0007A2D77 = {
						CreatedOnToolsVersion = 9.4.1;
						TestTargetID = 8786A528219A3D9E007A2D77;
					};
					8786A547219A3DA0007A2D77 = {
						CreatedOnToolsVersion = 9.4.1;
						TestTargetID = 8786A528219A3D9E007A2D77;
					};
				};
			};
			buildConfigurationList = 8786A524219A3D9E007A2D77 /* Build configuration list for PBXProject "test" */;
			compatibilityVersion = "Xcode 9.3";
			developmentRegion = en;
			hasScannedForEncodings = 0;
			knownRegions = (
				en,
				Base,
			);
			mainGroup = 8786A520219A3D9E007A2D77;
			productRefGroup = 8786A52A219A3D9E007A2D77 /* Products */;
			projectDirPath = "";
			projectRoot = "";
			targets = (
				8786A528219A3D9E007A2D77 /* test */,
				8786A53C219A3DA0007A2D77 /* testTests */,
				8786A547219A3DA0007A2D77 /* testUITests */,
			);
		};
/* End PBXProject section */

/* Begin PBXResourcesBuildPhase section */
		8786A527219A3D9E007A2D77 /* Resources */ = {
			isa = PBXResourcesBuildPhase;
			buildActionMask = 2147483647;
			files = (
				8786A537219A3DA0007A2D77 /* LaunchScreen.storyboard in Resources */,
				8786A534219A3DA0007A2D77 /* Assets.xcassets in Resources */,
				8786A532219A3D9E007A2D77 /* Main.storyboard in Resources */,
			);
			runOnlyForDeploymentPostprocessing = 0;
		};
		8786A53B219A3DA0007A2D77 /* Resources */ = {
			isa = PBXResourcesBuildPhase;
			buildActionMask = 2147483647;
			files = (
			);
			runOnlyForDeploymentPostprocessing = 0;
		};
		8786A546219A3DA0007A2D77 /* Resources */ = {
			isa = PBXResourcesBuildPhase;
			buildActionMask = 2147483647;
			files = (
			);
			runOnlyForDeploymentPostprocessing = 0;
		};
/* End PBXResourcesBuildPhase section */

/* Begin PBXSourcesBuildPhase section */
		8786A525219A3D9E007A2D77 /* Sources */ = {
			isa = PBXSourcesBuildPhase;
			buildActionMask = 2147483647;
			files = (
				8786A52F219A3D9E007A2D77 /* ViewController.swift in Sources */,
				8786A52D219A3D9E007A2D77 /* AppDelegate.swift in Sources */,
			);
			runOnlyForDeploymentPostprocessing = 0;
		};
		8786A539219A3DA0007A2D77 /* Sources */ = {
			isa = PBXSourcesBuildPhase;
			buildActionMask = 2147483647;
			files = (
				8786A542219A3DA0007A2D77 /* testTests.swift in Sources */,
			);
			runOnlyForDeploymentPostprocessing = 0;
		};
		8786A544219A3DA0007A2D77 /* Sources */ = {
			isa = PBXSourcesBuildPhase;
			buildActionMask = 2147483647;
			files = (
				8786A54D219A3DA0007A2D77 /* testUITests.swift in Sources */,
			);
			runOnlyForDeploymentPostprocessing = 0;
		};
/* End PBXSourcesBuildPhase section */

/* Begin PBXTargetDependency section */
		8786A53F219A3DA0007A2D77 /* PBXTargetDependency */ = {
			isa = PBXTargetDependency;
			target = 8786A528219A3D9E007A2D77 /* test */;
			targetProxy = 8786A53E219A3DA0007A2D77 /* PBXContainerItemProxy */;
		};
		8786A54A219A3DA0007A2D77 /* PBXTargetDependency */ = {
			isa = PBXTargetDependency;
			target = 8786A528219A3D9E007A2D77 /* test */;
			targetProxy = 8786A549219A3DA0007A2D77 /* PBXContainerItemProxy */;
		};
/* End PBXTargetDependency section */

/* Begin PBXVariantGroup section */
		8786A530219A3D9E007A2D77 /* Main.storyboard */ = {
			isa = PBXVariantGroup;
			children = (
				8786A531219A3D9E007A2D77 /* Base */,
			);
			name = Main.storyboard;
			sourceTree = "<group>";
		};
		8786A535219A3DA0007A2D77 /* LaunchScreen.storyboard */ = {
			isa = PBXVariantGroup;
			children = (
				8786A536219A3DA0007A2D77 /* Base */,
			);
			name = LaunchScreen.storyboard;
			sourceTree = "<group>";
		};
/* End PBXVariantGroup section */

/* Begin XCBuildConfiguration section */
		8786A54F219A3DA0007A2D77 /* Debug */ = {
			isa = XCBuildConfiguration;
			buildSettings = {
				ALWAYS_SEARCH_USER_PATHS = NO;
				CLANG_ANALYZER_NONNULL = YES;
				CLANG_ANALYZER_NUMBER_OBJECT_CONVERSION = YES_AGGRESSIVE;
				CLANG_CXX_LANGUAGE_STANDARD = "gnu++14";
				CLANG_CXX_LIBRARY = "libc++";
				CLANG_ENABLE_MODULES = YES;
				CLANG_ENABLE_OBJC_ARC = YES;
				CLANG_ENABLE_OBJC_WEAK = YES;
				CLANG_WARN_BLOCK_CAPTURE_AUTORELEASING = YES;
				CLANG_WARN_BOOL_CONVERSION = YES;
				CLANG_WARN_COMMA = YES;
				CLANG_WARN_CONSTANT_CONVERSION = YES;
				CLANG_WARN_DEPRECATED_OBJC_IMPLEMENTATIONS = YES;
				CLANG_WARN_DIRECT_OBJC_ISA_USAGE = YES_ERROR;
				CLANG_WARN_DOCUMENTATION_COMMENTS = YES;
				CLANG_WARN_EMPTY_BODY = YES;
				CLANG_WARN_ENUM_CONVERSION = YES;
				CLANG_WARN_INFINITE_RECURSION = YES;
				CLANG_WARN_INT_CONVERSION = YES;
				CLANG_WARN_NON_LITERAL_NULL_CONVERSION = YES;
				CLANG_WARN_OBJC_IMPLICIT_RETAIN_SELF = YES;
				CLANG_WARN_OBJC_LITERAL_CONVERSION = YES;
				CLANG_WARN_OBJC_ROOT_CLASS = YES_ERROR;
				CLANG_WARN_RANGE_LOOP_ANALYSIS = YES;
				CLANG_WARN_STRICT_PROTOTYPES = YES;
				CLANG_WARN_SUSPICIOUS_MOVE = YES;
				CLANG_WARN_UNGUARDED_AVAILABILITY = YES_AGGRESSIVE;
				CLANG_WARN_UNREACHABLE_CODE = YES;
				CLANG_WARN__DUPLICATE_METHOD_MATCH = YES;
				CODE_SIGN_IDENTITY = "iPhone Developer";
				COPY_PHASE_STRIP = NO;
				DEBUG_INFORMATION_FORMAT = dwarf;
				ENABLE_STRICT_OBJC_MSGSEND = YES;
				ENABLE_TESTABILITY = YES;
				GCC_C_LANGUAGE_STANDARD = gnu11;
				GCC_DYNAMIC_NO_PIC = NO;
				GCC_NO_COMMON_BLOCKS = YES;
				GCC_OPTIMIZATION_LEVEL = 0;
				GCC_PREPROCESSOR_DEFINITIONS = (
					"DEBUG=1",
					"$(inherited)",
				);
				GCC_WARN_64_TO_32_BIT_CONVERSION = YES;
				GCC_WARN_ABOUT_RETURN_TYPE = YES_ERROR;
				GCC_WARN_UNDECLARED_SELECTOR = YES;
				GCC_WARN_UNINITIALIZED_AUTOS = YES_AGGRESSIVE;
				GCC_WARN_UNUSED_FUNCTION = YES;
				GCC_WARN_UNUSED_VARIABLE = YES;
				IPHONEOS_DEPLOYMENT_TARGET = 11.4;
				MTL_ENABLE_DEBUG_INFO = YES;
				ONLY_ACTIVE_ARCH = YES;
				SDKROOT = iphoneos;
				SWIFT_ACTIVE_COMPILATION_CONDITIONS = DEBUG;
				SWIFT_OPTIMIZATION_LEVEL = "-Onone";
			};
			name = Debug;
		};
		8786A550219A3DA0007A2D77 /* Release */ = {
			isa = XCBuildConfiguration;
			buildSettings = {
				ALWAYS_SEARCH_USER_PATHS = NO;
				CLANG_ANALYZER_NONNULL = YES;
				CLANG_ANALYZER_NUMBER_OBJECT_CONVERSION = YES_AGGRESSIVE;
				CLANG_CXX_LANGUAGE_STANDARD = "gnu++14";
				CLANG_CXX_LIBRARY = "libc++";
				CLANG_ENABLE_MODULES = YES;
				CLANG_ENABLE_OBJC_ARC = YES;
				CLANG_ENABLE_OBJC_WEAK = YES;
				CLANG_WARN_BLOCK_CAPTURE_AUTORELEASING = YES;
				CLANG_WARN_BOOL_CONVERSION = YES;
				CLANG_WARN_COMMA = YES;
				CLANG_WARN_CONSTANT_CONVERSION = YES;
				CLANG_WARN_DEPRECATED_OBJC_IMPLEMENTATIONS = YES;
				CLANG_WARN_DIRECT_OBJC_ISA_USAGE = YES_ERROR;
				CLANG_WARN_DOCUMENTATION_COMMENTS = YES;
				CLANG_WARN_EMPTY_BODY = YES;
				CLANG_WARN_ENUM_CONVERSION = YES;
				CLANG_WARN_INFINITE_RECURSION = YES;
				CLANG_WARN_INT_CONVERSION = YES;
				CLANG_WARN_NON_LITERAL_NULL_CONVERSION = YES;
				CLANG_WARN_OBJC_IMPLICIT_RETAIN_SELF = YES;
				CLANG_WARN_OBJC_LITERAL_CONVERSION = YES;
				CLANG_WARN_OBJC_ROOT_CLASS = YES_ERROR;
				CLANG_WARN_RANGE_LOOP_ANALYSIS = YES;
				CLANG_WARN_STRICT_PROTOTYPES = YES;
				CLANG_WARN_SUSPICIOUS_MOVE = YES;
				CLANG_WARN_UNGUARDED_AVAILABILITY = YES_AGGRESSIVE;
				CLANG_WARN_UNREACHABLE_CODE = YES;
				CLANG_WARN__DUPLICATE_METHOD_MATCH = YES;
				CODE_SIGN_IDENTITY = "iPhone Developer";
				COPY_PHASE_STRIP = NO;
				DEBUG_INFORMATION_FORMAT = "dwarf-with-dsym";
				ENABLE_NS_ASSERTIONS = NO;
				ENABLE_STRICT_OBJC_MSGSEND = YES;
				GCC_C_LANGUAGE_STANDARD = gnu11;
				GCC_NO_COMMON_BLOCKS = YES;
				GCC_WARN_64_TO_32_BIT_CONVERSION = YES;
				GCC_WARN_ABOUT_RETURN_TYPE = YES_ERROR;
				GCC_WARN_UNDECLARED_SELECTOR = YES;
				GCC_WARN_UNINITIALIZED_AUTOS = YES_AGGRESSIVE;
				GCC_WARN_UNUSED_FUNCTION = YES;
				GCC_WARN_UNUSED_VARIABLE = YES;
				IPHONEOS_DEPLOYMENT_TARGET = 11.4;
				MTL_ENABLE_DEBUG_INFO = NO;
				SDKROOT = iphoneos;
				SWIFT_COMPILATION_MODE = wholemodule;
				SWIFT_OPTIMIZATION_LEVEL = "-O";
				VALIDATE_PRODUCT = YES;
			};
			name = Release;
		};
		8786A552219A3DA0007A2D77 /* Debug */ = {
			isa = XCBuildConfiguration;
			buildSettings = {
				ASSETCATALOG_COMPILER_APPICON_NAME = AppIcon;
				CODE_SIGN_STYLE = Automatic;
				INFOPLIST_FILE = test/Info.plist;
				LD_RUNPATH_SEARCH_PATHS = (
					"$(inherited)",
					"@executable_path/Frameworks",
				);
				PRODUCT_BUNDLE_IDENTIFIER = Noten.test;
				PRODUCT_NAME = "$(TARGET_NAME)";
				SWIFT_VERSION = 4.0;
				TARGETED_DEVICE_FAMILY = "1,2";
			};
			name = Debug;
		};
		8786A553219A3DA0007A2D77 /* Release */ = {
			isa = XCBuildConfiguration;
			buildSettings = {
				ASSETCATALOG_COMPILER_APPICON_NAME = AppIcon;
				CODE_SIGN_STYLE = Automatic;
				INFOPLIST_FILE = test/Info.plist;
				LD_RUNPATH_SEARCH_PATHS = (
					"$(inherited)",
					"@executable_path/Frameworks",
				);
				PRODUCT_BUNDLE_IDENTIFIER = Noten.test;
				PRODUCT_NAME = "$(TARGET_NAME)";
				SWIFT_VERSION = 4.0;
				TARGETED_DEVICE_FAMILY = "1,2";
			};
			name = Release;
		};
		8786A555219A3DA0007A2D77 /* Debug */ = {
			isa = XCBuildConfiguration;
			buildSettings = {
				ALWAYS_EMBED_SWIFT_STANDARD_LIBRARIES = YES;
				BUNDLE_LOADER = "$(TEST_HOST)";
				CODE_SIGN_STYLE = Automatic;
				INFOPLIST_FILE = testTests/Info.plist;
				LD_RUNPATH_SEARCH_PATHS = (
					"$(inherited)",
					"@executable_path/Frameworks",
					"@loader_path/Frameworks",
				);
				PRODUCT_BUNDLE_IDENTIFIER = Noten.testTests;
				PRODUCT_NAME = "$(TARGET_NAME)";
				SWIFT_VERSION = 4.0;
				TARGETED_DEVICE_FAMILY = "1,2";
				TEST_HOST = "$(BUILT_PRODUCTS_DIR)/test.app/test";
			};
			name = Debug;
		};
		8786A556219A3DA0007A2D77 /* Release */ = {
			isa = XCBuildConfiguration;
			buildSettings = {
				ALWAYS_EMBED_SWIFT_STANDARD_LIBRARIES = YES;
				BUNDLE_LOADER = "$(TEST_HOST)";
				CODE_SIGN_STYLE = Automatic;
				INFOPLIST_FILE = testTests/Info.plist;
				LD_RUNPATH_SEARCH_PATHS = (
					"$(inherited)",
					"@executable_path/Frameworks",
					"@loader_path/Frameworks",
				);
				PRODUCT_BUNDLE_IDENTIFIER = Noten.testTests;
				PRODUCT_NAME = "$(TARGET_NAME)";
				SWIFT_VERSION = 4.0;
				TARGETED_DEVICE_FAMILY = "1,2";
				TEST_HOST = "$(BUILT_PRODUCTS_DIR)/test.app/test";
			};
			name = Release;
		};
		8786A558219A3DA0007A2D77 /* Debug */ = {
			isa = XCBuildConfiguration;
			buildSettings = {
				ALWAYS_EMBED_SWIFT_STANDARD_LIBRARIES = YES;
				CODE_SIGN_STYLE = Automatic;
				INFOPLIST_FILE = testUITests/Info.plist;
				LD_RUNPATH_SEARCH_PATHS = (
					"$(inherited)",
					"@executable_path/Frameworks",
					"@loader_path/Frameworks",
				);
				PRODUCT_BUNDLE_IDENTIFIER = Noten.testUITests;
				PRODUCT_NAME = "$(TARGET_NAME)";
				SWIFT_VERSION = 4.0;
				TARGETED_DEVICE_FAMILY = "1,2";
				TEST_TARGET_NAME = test;
			};
			name = Debug;
		};
		8786A559219A3DA0007A2D77 /* Release */ = {
			isa = XCBuildConfiguration;
			buildSettings = {
				ALWAYS_EMBED_SWIFT_STANDARD_LIBRARIES = YES;
				CODE_SIGN_STYLE = Automatic;
				INFOPLIST_FILE = testUITests/Info.plist;
				LD_RUNPATH_SEARCH_PATHS = (
					"$(inherited)",
					"@executable_path/Frameworks",
					"@loader_path/Frameworks",
				);
				PRODUCT_BUNDLE_IDENTIFIER = Noten.testUITests;
				PRODUCT_NAME = "$(TARGET_NAME)";
				SWIFT_VERSION = 4.0;
				TARGETED_DEVICE_FAMILY = "1,2";
				TEST_TARGET_NAME = test;
			};
			name = Release;
		};
/* End XCBuildConfiguration section */

/* Begin XCConfigurationList section */
		8786A524219A3D9E007A2D77 /* Build configuration list for PBXProject "test" */ = {
			isa = XCConfigurationList;
			buildConfigurations = (
				8786A54F219A3DA0007A2D77 /* Debug */,
				8786A550219A3DA0007A2D77 /* Release */,
			);
			defaultConfigurationIsVisible = 0;
			defaultConfigurationName = Release;
		};
		8786A551219A3DA0007A2D77 /* Build configuration list for PBXNativeTarget "test" */ = {
			isa = XCConfigurationList;
			buildConfigurations = (
				8786A552219A3DA0007A2D77 /* Debug */,
				8786A553219A3DA0007A2D77 /* Release */,
			);
			defaultConfigurationIsVisible = 0;
			defaultConfigurationName = Release;
		};
		8786A554219A3DA0007A2D77 /* Build configuration list for PBXNativeTarget "testTests" */ = {
			isa = XCConfigurationList;
			buildConfigurations = (
				8786A555219A3DA0007A2D77 /* Debug */,
				8786A556219A3DA0007A2D77 /* Release */,
			);
			defaultConfigurationIsVisible = 0;
			defaultConfigurationName = Release;
		};
		8786A557219A3DA0007A2D77 /* Build configuration list for PBXNativeTarget "testUITests" */ = {
			isa = XCConfigurationList;
			buildConfigurations = (
				8786A558219A3DA0007A2D77 /* Debug */,
				8786A559219A3DA0007A2D77 /* Release */,
			);
			defaultConfigurationIsVisible = 0;
			defaultConfigurationName = Release;
		};
/* End XCConfigurationList section */
	};
	rootObject = 8786A521219A3D9E007A2D77 /* Project object */;
}
